
Microsoft Visual Studio Solution File, Format Version 12.00
# Visual Studio Version 16
VisualStudioVersion = 16.0.32630.194
MinimumVisualStudioVersion = 10.0.40219.1
Project("{8BC9CEB8-8B4A-11D0-8D11-00A0C91BC942}") = "Sandbox", "Sandbox\Sandbox.vcxproj", "{B9E84AE3-0416-4B8A-A3DC-0DF879D60E82}"
EndProject
Project("{8BC9CEB8-8B4A-11D0-8D11-00A0C91BC942}") = "Pneumatic", "Pneumatic\Pneumatic.vcxproj", "{668CDE4D-39FA-48F5-9A42-3238F4D4DF20}"
EndProject
Global
	GlobalSection(SolutionConfigurationPlatforms) = preSolution
		Debug|x64 = Debug|x64
		Release|x64 = Release|x64
	EndGlobalSection
	GlobalSection(ProjectConfigurationPlatforms) = postSolution
		{668CDE4D-39FA-48F5-9A42-3238F4D4DF20}.Debug|x64.ActiveCfg = Debug|x64
		{668CDE4D-39FA-48F5-9A42-3238F4D4DF20}.Debug|x64.Build.0 = Debug|x64
		{668CDE4D-39FA-48F5-9A42-3238F4D4DF20}.Release|x64.ActiveCfg = Release|x64
		{668CDE4D-39FA-48F5-9A42-3238F4D4DF20}.Release|x64.Build.0 = Release|x64
		{B9E84AE3-0416-4B8A-A3DC-0DF879D60E82}.Debug|x64.ActiveCfg = Debug|x64
		{B9E84AE3-0416-4B8A-A3DC-0DF879D60E82}.Debug|x64.Build.0 = Debug|x64
		{B9E84AE3-0416-4B8A-A3DC-0DF879D60E82}.Release|x64.ActiveCfg = Release|x64
		{B9E84AE3-0416-4B8A-A3DC-0DF879D60E82}.Release|x64.Build.0 = Release|x64
	EndGlobalSection
	GlobalSection(SolutionProperties) = preSolution
		HideSolutionNode = FALSE
	EndGlobalSection
	GlobalSection(ExtensibilityGlobals) = postSolution
		SolutionGuid = {73ACE563-5118-45D2-A50F-DA38ADEEB1FB}
	EndGlobalSection
EndGlobal
