<?xml version="1.0" encoding="utf-8"?>
<Project ToolsVersion="4.0" xmlns="http://schemas.microsoft.com/developer/msbuild/2003">
  <ItemGroup>
    <Filter Include="Pneumatic">
      <UniqueIdentifier>{6B78DA54-D7E2-8ECB-2021-40718CCA6C20}</UniqueIdentifier>
    </Filter>
    <Filter Include="Pneumatic\Events">
      <UniqueIdentifier>{EF1D5D82-DB16-7CD4-0449-6159F0A05BE0}</UniqueIdentifier>
    </Filter>
    <Filter Include="Pneumatic\Platforms">
      <UniqueIdentifier>{720186F1-DE62-63FF-67D0-A9B1D3309ABE}</UniqueIdentifier>
    </Filter>
    <Filter Include="Pneumatic\Platforms\Windows">
      <UniqueIdentifier>{ACFD6EF9-180B-9DDF-A1F1-98CA0DFE6896}</UniqueIdentifier>
    </Filter>
  </ItemGroup>
  <ItemGroup>
    <ClInclude Include="src\Pneumatic.h" />
    <ClInclude Include="src\Pneumatic\Application.h">
      <Filter>Pneumatic</Filter>
    </ClInclude>
    <ClInclude Include="src\Pneumatic\Core.h">
      <Filter>Pneumatic</Filter>
    </ClInclude>
    <ClInclude Include="src\Pneumatic\EntryPoint.h">
      <Filter>Pneumatic</Filter>
    </ClInclude>
    <ClInclude Include="src\Pneumatic\Events\ApplicationEvents.h">
      <Filter>Pneumatic\Events</Filter>
    </ClInclude>
    <ClInclude Include="src\Pneumatic\Events\Event.h">
      <Filter>Pneumatic\Events</Filter>
    </ClInclude>
    <ClInclude Include="src\Pneumatic\Events\KeyEvent.h">
      <Filter>Pneumatic\Events</Filter>
    </ClInclude>
    <ClInclude Include="src\Pneumatic\Events\MouseEvent.h">
      <Filter>Pneumatic\Events</Filter>
    </ClInclude>
    <ClInclude Include="src\Pneumatic\Layer.h">
      <Filter>Pneumatic</Filter>
    </ClInclude>
    <ClInclude Include="src\Pneumatic\LayerStack.h">
      <Filter>Pneumatic</Filter>
    </ClInclude>
    <ClInclude Include="src\Pneumatic\Log.h">
      <Filter>Pneumatic</Filter>
    </ClInclude>
    <ClInclude Include="src\Pneumatic\Platforms\Windows\WindowsWindow.h">
      <Filter>Pneumatic\Platforms\Windows</Filter>
    </ClInclude>
    <ClInclude Include="src\Pneumatic\Window.h">
      <Filter>Pneumatic</Filter>
    </ClInclude>
    <ClInclude Include="src\pneupch.h" />
  </ItemGroup>
  <ItemGroup>
    <ClCompile Include="src\Pneumatic\Application.cpp">
      <Filter>Pneumatic</Filter>
    </ClCompile>
    <ClCompile Include="src\Pneumatic\Layer.cpp">
      <Filter>Pneumatic</Filter>
    </ClCompile>
    <ClCompile Include="src\Pneumatic\LayerStack.cpp">
      <Filter>Pneumatic</Filter>
    </ClCompile>
    <ClCompile Include="src\Pneumatic\Log.cpp">
      <Filter>Pneumatic</Filter>
    </ClCompile>
    <ClCompile Include="src\Pneumatic\Platforms\Windows\WindowsWindow.cpp">
      <Filter>Pneumatic\Platforms\Windows</Filter>
    </ClCompile>
    <ClCompile Include="src\pneupch.cpp" />
  </ItemGroup>
</Project>